
Microsoft Visual Studio Solution File, Format Version 12.00
# Visual Studio Version 17
VisualStudioVersion = 17.14.36518.9 d17.14
MinimumVisualStudioVersion = 10.0.40219.1
Project("{FAE04EC0-301F-11D3-BF4B-00C04F79EFBC}") = "Simulacion-de-red-social-utilizando-grafos", "Simulacion-de-red-social-utilizando-grafos.csproj", "{0287B3B6-6B28-B2DD-0B03-E3B823D82526}"
EndProject
Global
	GlobalSection(SolutionConfigurationPlatforms) = preSolution
		Debug|Any CPU = Debug|Any CPU
		Release|Any CPU = Release|Any CPU
	EndGlobalSection
	GlobalSection(ProjectConfigurationPlatforms) = postSolution
		{0287B3B6-6B28-B2DD-0B03-E3B823D82526}.Debug|Any CPU.ActiveCfg = Debug|Any CPU
		{0287B3B6-6B28-B2DD-0B03-E3B823D82526}.Debug|Any CPU.Build.0 = Debug|Any CPU
		{0287B3B6-6B28-B2DD-0B03-E3B823D82526}.Release|Any CPU.ActiveCfg = Release|Any CPU
		{0287B3B6-6B28-B2DD-0B03-E3B823D82526}.Release|Any CPU.Build.0 = Release|Any CPU
	EndGlobalSection
	GlobalSection(SolutionProperties) = preSolution
		HideSolutionNode = FALSE
	EndGlobalSection
	GlobalSection(ExtensibilityGlobals) = postSolution
		SolutionGuid = {0554BE2D-6F7B-4697-814A-1929C4498557}
	EndGlobalSection
EndGlobal
